# This file is automatically @generated by Poetry 2.1.4 and should not be changed by hand.

[[package]]
name = "confluent-kafka"
version = "2.12.2"
description = "Confluent's Python client for Apache Kafka"
optional = false
python-versions = ">=3.8"
groups = ["main"]
files = [
    {file = "confluent_kafka-2.12.2-cp310-cp310-macosx_10_9_x86_64.whl", hash = "sha256:8639850b97e199db5c968d01887e0f173c1d3763f851098a64a57e6db06d1d19"},
    {file = "confluent_kafka-2.12.2-cp310-cp310-macosx_11_0_arm64.whl", hash = "sha256:9a85f84483465c302da8c7432078f310e5aa748bb5767f71d5a50c3b4fce8004"},
    {file = "confluent_kafka-2.12.2-cp310-cp310-manylinux_2_28_aarch64.whl", hash = "sha256:938e1ec9abdc6104faad07732521960c61644362b43a0af5cd7f149516dc9bd5"},
    {file = "confluent_kafka-2.12.2-cp310-cp310-manylinux_2_28_x86_64.whl", hash = "sha256:c0618ef7f3f70d80a5d2ee94241dde8e59419ea52f003f18ac310135b04b6e4a"},
    {file = "confluent_kafka-2.12.2-cp310-cp310-win_amd64.whl", hash = "sha256:f62dc98e2059cde47b60eadc80904eaf59f88b283330d3fd93d69b1ac3d75496"},
    {file = "confluent_kafka-2.12.2-cp311-cp311-macosx_10_9_x86_64.whl", hash = "sha256:aa9ecf654cac27cf3dbd234c5109ddf25bf34a581c6fd91a2ad3521f5cb4ff98"},
    {file = "confluent_kafka-2.12.2-cp311-cp311-macosx_11_0_arm64.whl", hash = "sha256:bb6a0ac890fc35a2dd6435833cbdc2b81a18a5e0b45640fd0f5fc9f240095a77"},
    {file = "confluent_kafka-2.12.2-cp311-cp311-manylinux_2_28_aarch64.whl", hash = "sha256:bd31a1657e134b02b7ecf2483fc6df82ccbb20f08e8a0fb9dc66a1a2b0072a7a"},
    {file = "confluent_kafka-2.12.2-cp311-cp311-manylinux_2_28_x86_64.whl", hash = "sha256:f26e107597cacb28b6d3333942b665dcb5a3838a1bc2d7b979c4486d22320d0f"},
    {file = "confluent_kafka-2.12.2-cp311-cp311-win_amd64.whl", hash = "sha256:6e36dac6a20a3634ae2c4ec167dbb49c51ea7d4ce11c2deee971237d8d874566"},
    {file = "confluent_kafka-2.12.2-cp312-cp312-macosx_10_9_x86_64.whl", hash = "sha256:2b978c407de4f63cf06e659afaae4c14919e665c80e3a65ff3479bb4d42c1ef4"},
    {file = "confluent_kafka-2.12.2-cp312-cp312-macosx_11_0_arm64.whl", hash = "sha256:bd9ebfd7b47105d1f3981944d47307c10c9fd1fd0b2044904ccdc7c2b8adb75a"},
    {file = "confluent_kafka-2.12.2-cp312-cp312-manylinux_2_28_aarch64.whl", hash = "sha256:d35f5c5b84f6803eb7e974802577aa3a317bd9e44a438c7bd4074b56098467f2"},
    {file = "confluent_kafka-2.12.2-cp312-cp312-manylinux_2_28_x86_64.whl", hash = "sha256:f189203de0200b986e2243215e052e787d8a426d92df815c440b76150da5b194"},
    {file = "confluent_kafka-2.12.2-cp312-cp312-win_amd64.whl", hash = "sha256:90bff1e56f1c382583dafb316bb5171e10659d3eaffcb477f28fa13a6f36fe04"},
    {file = "confluent_kafka-2.12.2-cp313-cp313-macosx_13_0_arm64.whl", hash = "sha256:e888667c607741af5e4b36014d215c4ad2f214646e3da777505e4cf383ac5375"},
    {file = "confluent_kafka-2.12.2-cp313-cp313-macosx_13_0_x86_64.whl", hash = "sha256:adc98ecfbb2a41a234c72043c0ca46c941d5da61900d998f14f29a30baa2e688"},
    {file = "confluent_kafka-2.12.2-cp313-cp313-manylinux_2_28_aarch64.whl", hash = "sha256:d0abde08fc133cfe6667226472518c6afbb80e083090c441c4ae4cddcd8ed921"},
    {file = "confluent_kafka-2.12.2-cp313-cp313-manylinux_2_28_x86_64.whl", hash = "sha256:b3065064a86b4494c8c94eff9968845461918a2bc89e5a800a2920f722ed2cb1"},
    {file = "confluent_kafka-2.12.2-cp313-cp313-win_amd64.whl", hash = "sha256:26b2291694a300b7ff00b46eda835a06b124b4878527d32277d42ca39ee95dd9"},
    {file = "confluent_kafka-2.12.2-cp314-cp314-macosx_13_0_arm64.whl", hash = "sha256:0101be4b6037ad5a49f71c749bfd9f24e82607774f5fb4424c4dee6bf39a302d"},
    {file = "confluent_kafka-2.12.2-cp314-cp314-macosx_13_0_x86_64.whl", hash = "sha256:27cc33a0c47f167db81b4f46d9e1c59582d9bfd8b3c21129a2ee400f5c93844e"},
    {file = "confluent_kafka-2.12.2-cp314-cp314-manylinux_2_28_aarch64.whl", hash = "sha256:38d23cf3f428451fc14c18aa53f5f3f1a37c7d89c44bfaf2862b3d6a5068e45c"},
    {file = "confluent_kafka-2.12.2-cp314-cp314-manylinux_2_28_x86_64.whl", hash = "sha256:eed1b0e540204c52d0ab40d621c371f52044a788b542f6e28a7756fd8f7a1029"},
    {file = "confluent_kafka-2.12.2-cp314-cp314-win_amd64.whl", hash = "sha256:ef411221bfdaffae944156826965b9a08777a5dff66d765a23108f7d6774706f"},
    {file = "confluent_kafka-2.12.2-cp314-cp314t-macosx_13_0_arm64.whl", hash = "sha256:d04f69f6c269ccf6ec1a2ec327edf977a06e790f631ede18511093c1fe598fef"},
    {file = "confluent_kafka-2.12.2-cp314-cp314t-macosx_13_0_x86_64.whl", hash = "sha256:01a0429cac8fe38db49ebb9bda335b0c77f14455da72ccf351d49a51c1bd00a5"},
    {file = "confluent_kafka-2.12.2-cp314-cp314t-manylinux_2_28_aarch64.whl", hash = "sha256:82ec5302cf7c9ea06d556ed8e8ea8422d2a60035b607d64579ca63663276fe9b"},
    {file = "confluent_kafka-2.12.2-cp314-cp314t-manylinux_2_28_x86_64.whl", hash = "sha256:de9dece5803e6b58d8c101cbceb90fa55ca96e0a5f40f10483a4c8f5f4027a69"},
    {file = "confluent_kafka-2.12.2-cp38-cp38-macosx_10_9_x86_64.whl", hash = "sha256:44db20eab0bb8845621a1825fb374909d31a83c0db8224a434e60eba855a6e8f"},
    {file = "confluent_kafka-2.12.2-cp38-cp38-macosx_11_0_arm64.whl", hash = "sha256:5ab3c7f449db057301545a14c52c4fffc400139067ebf9970c453bfd04d9bfa1"},
    {file = "confluent_kafka-2.12.2-cp38-cp38-manylinux_2_28_aarch64.whl", hash = "sha256:c1019f488ceca48ebc333e3df32a72d6a69fece7ad1a09f1e23868c18967669b"},
    {file = "confluent_kafka-2.12.2-cp38-cp38-manylinux_2_28_x86_64.whl", hash = "sha256:53b5233f06e5a9d23e393fe40d72ad1fdb7ea2ee0f19e0b0861abebd1f4baf9c"},
    {file = "confluent_kafka-2.12.2-cp38-cp38-win_amd64.whl", hash = "sha256:47eb23e1639f42bcdf998f5cd2f5989f16cf5ba2595ec84951ae55179804baae"},
    {file = "confluent_kafka-2.12.2-cp39-cp39-macosx_10_9_x86_64.whl", hash = "sha256:a32dc7ee8dbf9138f689ab20612f2c5ddaa490afbf9c066c7da2009c1f184a4e"},
    {file = "confluent_kafka-2.12.2-cp39-cp39-macosx_11_0_arm64.whl", hash = "sha256:f3b4561a0479e8c2c8abe344c5bf96d127873f80b9710fc089a152c1ff2e2e76"},
    {file = "confluent_kafka-2.12.2-cp39-cp39-manylinux_2_28_aarch64.whl", hash = "sha256:32481cd6b21365d8f32c938f56e18da82f4db194a07be9ffa40f1362970252d8"},
    {file = "confluent_kafka-2.12.2-cp39-cp39-manylinux_2_28_x86_64.whl", hash = "sha256:e238e2b4be85a17c72487872facf2e40ee24acbf85359572a3885d3a71edfe39"},
    {file = "confluent_kafka-2.12.2-cp39-cp39-win_amd64.whl", hash = "sha256:689bedd3c5ffaabc4d1bb70c3b166932b019c3e99493493b7118d84cfad62969"},
    {file = "confluent_kafka-2.12.2.tar.gz", hash = "sha256:5a50bfcd24f9dcf34b986f837f80126a71087364d44fcb8b45e8e74080fb6e98"},
]

[package.extras]
all = ["async-timeout", "attrs", "attrs (>=21.2.0)", "authlib (>=1.0.0)", "authlib (>=1.0.0)", "avro (>=1.11.1,<2)", "avro (>=1.11.1,<2)", "azure-identity", "azure-identity", "azure-keyvault-keys", "azure-keyvault-keys", "boto3", "boto3 (>=1.35)", "cachetools", "cachetools (>=5.5.0)", "cel-python (>=0.4.0)", "cel-python (>=0.4.0)", "certifi", "confluent-kafka", "fastapi", "fastavro (<1.8.0) ; python_version == \"3.7\"", "fastavro (<1.8.0) ; python_version == \"3.7\"", "fastavro (<2) ; python_version > \"3.7\"", "fastavro (<2) ; python_version > \"3.7\"", "flake8", "google-api-core", "google-api-core", "google-auth", "google-auth", "google-cloud-kms", "google-cloud-kms", "google-re2 (<1.1.20251105)", "googleapis-common-protos", "googleapis-common-protos", "hkdf (==0.0.3)", "hkdf (==0.0.3)", "httpx (>=0.26)", "httpx (>=0.26)", "hvac", "hvac", "jsonata-python", "jsonata-python", "jsonschema", "jsonschema", "opentelemetry-distro", "opentelemetry-exporter-otlp", "orjson", "orjson (>=3.10)", "orjson (>=3.10)", "pandoc", "pluggy (<1.6.0)", "protobuf", "protobuf", "psutil", "pydantic", "pyrsistent", "pyrsistent", "pytest", "pytest-asyncio", "pytest-timeout", "pytest_cov", "pyyaml (>=6.0.0)", "pyyaml (>=6.0.0)", "requests", "requests", "requests-mock", "respx", "six", "sphinx", "sphinx-rtd-theme", "tink", "tink", "tomli ; python_version < \"3.11\"", "urllib3 (<3)", "uvicorn"]
avro = ["attrs (>=21.2.0)", "authlib (>=1.0.0)", "avro (>=1.11.1,<2)", "cachetools (>=5.5.0)", "certifi", "fastavro (<1.8.0) ; python_version == \"3.7\"", "fastavro (<2) ; python_version > \"3.7\"", "httpx (>=0.26)", "requests"]
dev = ["async-timeout", "attrs", "attrs (>=21.2.0)", "authlib (>=1.0.0)", "authlib (>=1.0.0)", "avro (>=1.11.1,<2)", "avro (>=1.11.1,<2)", "azure-identity", "azure-identity", "azure-keyvault-keys", "azure-keyvault-keys", "boto3", "boto3 (>=1.35)", "cachetools", "cachetools (>=5.5.0)", "cel-python (>=0.4.0)", "cel-python (>=0.4.0)", "certifi", "confluent-kafka", "fastapi", "fastavro (<1.8.0) ; python_version == \"3.7\"", "fastavro (<1.8.0) ; python_version == \"3.7\"", "fastavro (<2) ; python_version > \"3.7\"", "fastavro (<2) ; python_version > \"3.7\"", "flake8", "google-api-core", "google-api-core", "google-auth", "google-auth", "google-cloud-kms", "google-cloud-kms", "google-re2 (<1.1.20251105)", "googleapis-common-protos", "googleapis-common-protos", "hkdf (==0.0.3)", "hkdf (==0.0.3)", "httpx (>=0.26)", "httpx (>=0.26)", "hvac", "hvac", "jsonata-python", "jsonata-python", "jsonschema", "jsonschema", "orjson", "orjson (>=3.10)", "orjson (>=3.10)", "pandoc", "pluggy (<1.6.0)", "protobuf", "protobuf", "pydantic", "pyrsistent", "pyrsistent", "pytest", "pytest-asyncio", "pytest-timeout", "pytest_cov", "pyyaml (>=6.0.0)", "pyyaml (>=6.0.0)", "requests", "requests", "requests-mock", "respx", "six", "sphinx", "sphinx-rtd-theme", "tink", "tink", "tomli ; python_version < \"3.11\"", "urllib3 (<3)", "uvicorn"]
docs = ["attrs (>=21.2.0)", "authlib (>=1.0.0)", "avro (>=1.11.1,<2)", "azure-identity", "azure-keyvault-keys", "boto3 (>=1.35)", "cachetools (>=5.5.0)", "cel-python (>=0.4.0)", "certifi", "fastavro (<1.8.0) ; python_version == \"3.7\"", "fastavro (<2) ; python_version > \"3.7\"", "google-api-core", "google-auth", "google-cloud-kms", "google-re2 (<1.1.20251105)", "googleapis-common-protos", "hkdf (==0.0.3)", "httpx (>=0.26)", "hvac", "jsonata-python", "jsonschema", "orjson (>=3.10)", "pandoc", "protobuf", "pyrsistent", "pyyaml (>=6.0.0)", "requests", "sphinx", "sphinx-rtd-theme", "tink", "tomli ; python_version < \"3.11\""]
examples = ["attrs", "authlib (>=1.0.0)", "avro (>=1.11.1,<2)", "azure-identity", "azure-keyvault-keys", "boto3", "cachetools", "cel-python (>=0.4.0)", "confluent-kafka", "fastapi", "fastavro (<1.8.0) ; python_version == \"3.7\"", "fastavro (<2) ; python_version > \"3.7\"", "google-api-core", "google-auth", "google-cloud-kms", "googleapis-common-protos", "hkdf (==0.0.3)", "httpx (>=0.26)", "hvac", "jsonata-python", "jsonschema", "orjson (>=3.10)", "protobuf", "pydantic", "pyrsistent", "pyyaml (>=6.0.0)", "requests", "six", "tink", "uvicorn"]
json = ["attrs (>=21.2.0)", "authlib (>=1.0.0)", "cachetools (>=5.5.0)", "certifi", "httpx (>=0.26)", "jsonschema", "orjson (>=3.10)", "pyrsistent"]
protobuf = ["attrs (>=21.2.0)", "authlib (>=1.0.0)", "cachetools (>=5.5.0)", "certifi", "googleapis-common-protos", "httpx (>=0.26)", "protobuf"]
rules = ["attrs (>=21.2.0)", "authlib (>=1.0.0)", "azure-identity", "azure-keyvault-keys", "boto3 (>=1.35)", "cachetools (>=5.5.0)", "cel-python (>=0.4.0)", "certifi", "google-api-core", "google-auth", "google-cloud-kms", "google-re2 (<1.1.20251105)", "hkdf (==0.0.3)", "httpx (>=0.26)", "hvac", "jsonata-python", "pyyaml (>=6.0.0)", "tink"]
schema-registry = ["attrs (>=21.2.0)", "authlib (>=1.0.0)", "cachetools (>=5.5.0)", "certifi", "httpx (>=0.26)"]
schemaregistry = ["attrs (>=21.2.0)", "authlib (>=1.0.0)", "cachetools (>=5.5.0)", "certifi", "httpx (>=0.26)"]
soaktest = ["opentelemetry-distro", "opentelemetry-exporter-otlp", "psutil"]
tests = ["async-timeout", "attrs (>=21.2.0)", "authlib (>=1.0.0)", "avro (>=1.11.1,<2)", "azure-identity", "azure-keyvault-keys", "boto3 (>=1.35)", "cachetools (>=5.5.0)", "cel-python (>=0.4.0)", "certifi", "fastavro (<1.8.0) ; python_version == \"3.7\"", "fastavro (<2) ; python_version > \"3.7\"", "flake8", "google-api-core", "google-auth", "google-cloud-kms", "google-re2 (<1.1.20251105)", "googleapis-common-protos", "hkdf (==0.0.3)", "httpx (>=0.26)", "hvac", "jsonata-python", "jsonschema", "orjson", "orjson (>=3.10)", "pluggy (<1.6.0)", "protobuf", "pyrsistent", "pytest", "pytest-asyncio", "pytest-timeout", "pytest_cov", "pyyaml (>=6.0.0)", "requests", "requests-mock", "respx", "tink", "urllib3 (<3)"]

[[package]]
name = "python-dotenv"
version = "1.2.1"
description = "Read key-value pairs from a .env file and set them as environment variables"
optional = false
python-versions = ">=3.9"
groups = ["main"]
files = [
    {file = "python_dotenv-1.2.1-py3-none-any.whl", hash = "sha256:b81ee9561e9ca4004139c6cbba3a238c32b03e4894671e181b671e8cb8425d61"},
    {file = "python_dotenv-1.2.1.tar.gz", hash = "sha256:42667e897e16ab0d66954af0e60a9caa94f0fd4ecf3aaf6d2d260eec1aa36ad6"},
]

[package.extras]
cli = ["click (>=5.0)"]

[metadata]
lock-version = "2.1"
python-versions = ">=3.12"
content-hash = "50da0003b100e4d4e489da8146b9dd0b5f217d48accbfaebfa68893a866db1ac"
